
Microsoft Visual Studio Solution File, Format Version 12.00
# Visual Studio Version 16
VisualStudioVersion = 16.0.31829.152
MinimumVisualStudioVersion = 10.0.40219.1
Project("{9A19103F-16F7-4668-BE54-9A1E7A4F7556}") = "DiffingTests_oM", "DiffingTests_oM\DiffingTests_oM.csproj", "{7BA6A6CE-5D1F-4672-B6B1-7EBAF8197E80}"
EndProject
Project("{9A19103F-16F7-4668-BE54-9A1E7A4F7556}") = "DiffingTests_Engine", "DiffingTests_Engine\DiffingTests_Engine.csproj", "{C3D9E6B0-C7F0-484D-8FFC-392911894F30}"
EndProject
Project("{9A19103F-16F7-4668-BE54-9A1E7A4F7556}") = "DiffingTests", "DiffingTests\DiffingTests.csproj", "{8BED03F4-AC47-4C90-A953-CF8E2B41F3E0}"
EndProject
Project("{9A19103F-16F7-4668-BE54-9A1E7A4F7556}") = "DiffingProfiling", "DiffingProfiling\DiffingProfiling.csproj", "{DC991968-7D14-4320-ABDE-000AEE59D340}"
EndProject
Project("{9A19103F-16F7-4668-BE54-9A1E7A4F7556}") = "Diffing_Engine", "..\BHoM_Engine\Diffing_Engine\Diffing_Engine.csproj", "{22CC02E9-9430-4693-BD6E-4BD400350C10}"
EndProject
Project("{9A19103F-16F7-4668-BE54-9A1E7A4F7556}") = "BHoM_Engine", "..\BHoM_Engine\BHoM_Engine\BHoM_Engine.csproj", "{C3F8CD8B-C2B6-4E86-8D2B-0EB90A2372A3}"
EndProject
Global
	GlobalSection(SolutionConfigurationPlatforms) = preSolution
		ComplianceTestBuild|Any CPU = ComplianceTestBuild|Any CPU
		Debug|Any CPU = Debug|Any CPU
		Release|Any CPU = Release|Any CPU
	EndGlobalSection
	GlobalSection(ProjectConfigurationPlatforms) = postSolution
		{7BA6A6CE-5D1F-4672-B6B1-7EBAF8197E80}.ComplianceTestBuild|Any CPU.ActiveCfg = Debug|Any CPU
		{7BA6A6CE-5D1F-4672-B6B1-7EBAF8197E80}.ComplianceTestBuild|Any CPU.Build.0 = Debug|Any CPU
		{7BA6A6CE-5D1F-4672-B6B1-7EBAF8197E80}.Debug|Any CPU.ActiveCfg = Debug|Any CPU
		{7BA6A6CE-5D1F-4672-B6B1-7EBAF8197E80}.Debug|Any CPU.Build.0 = Debug|Any CPU
		{7BA6A6CE-5D1F-4672-B6B1-7EBAF8197E80}.Release|Any CPU.ActiveCfg = Release|Any CPU
		{7BA6A6CE-5D1F-4672-B6B1-7EBAF8197E80}.Release|Any CPU.Build.0 = Release|Any CPU
		{C3D9E6B0-C7F0-484D-8FFC-392911894F30}.ComplianceTestBuild|Any CPU.ActiveCfg = Debug|Any CPU
		{C3D9E6B0-C7F0-484D-8FFC-392911894F30}.ComplianceTestBuild|Any CPU.Build.0 = Debug|Any CPU
		{C3D9E6B0-C7F0-484D-8FFC-392911894F30}.Debug|Any CPU.ActiveCfg = Debug|Any CPU
		{C3D9E6B0-C7F0-484D-8FFC-392911894F30}.Debug|Any CPU.Build.0 = Debug|Any CPU
		{C3D9E6B0-C7F0-484D-8FFC-392911894F30}.Release|Any CPU.ActiveCfg = Release|Any CPU
		{C3D9E6B0-C7F0-484D-8FFC-392911894F30}.Release|Any CPU.Build.0 = Release|Any CPU
		{8BED03F4-AC47-4C90-A953-CF8E2B41F3E0}.ComplianceTestBuild|Any CPU.ActiveCfg = Debug|Any CPU
		{8BED03F4-AC47-4C90-A953-CF8E2B41F3E0}.ComplianceTestBuild|Any CPU.Build.0 = Debug|Any CPU
		{8BED03F4-AC47-4C90-A953-CF8E2B41F3E0}.Debug|Any CPU.ActiveCfg = Debug|Any CPU
		{8BED03F4-AC47-4C90-A953-CF8E2B41F3E0}.Debug|Any CPU.Build.0 = Debug|Any CPU
		{8BED03F4-AC47-4C90-A953-CF8E2B41F3E0}.Release|Any CPU.ActiveCfg = Release|Any CPU
		{8BED03F4-AC47-4C90-A953-CF8E2B41F3E0}.Release|Any CPU.Build.0 = Release|Any CPU
		{DC991968-7D14-4320-ABDE-000AEE59D340}.ComplianceTestBuild|Any CPU.ActiveCfg = Debug|Any CPU
		{DC991968-7D14-4320-ABDE-000AEE59D340}.ComplianceTestBuild|Any CPU.Build.0 = Debug|Any CPU
		{DC991968-7D14-4320-ABDE-000AEE59D340}.Debug|Any CPU.ActiveCfg = Debug|Any CPU
		{DC991968-7D14-4320-ABDE-000AEE59D340}.Debug|Any CPU.Build.0 = Debug|Any CPU
		{DC991968-7D14-4320-ABDE-000AEE59D340}.Release|Any CPU.ActiveCfg = Release|Any CPU
		{DC991968-7D14-4320-ABDE-000AEE59D340}.Release|Any CPU.Build.0 = Release|Any CPU
		{22CC02E9-9430-4693-BD6E-4BD400350C10}.ComplianceTestBuild|Any CPU.ActiveCfg = Debug|Any CPU
		{22CC02E9-9430-4693-BD6E-4BD400350C10}.ComplianceTestBuild|Any CPU.Build.0 = Debug|Any CPU
		{22CC02E9-9430-4693-BD6E-4BD400350C10}.Debug|Any CPU.ActiveCfg = Debug|Any CPU
		{22CC02E9-9430-4693-BD6E-4BD400350C10}.Debug|Any CPU.Build.0 = Debug|Any CPU
		{22CC02E9-9430-4693-BD6E-4BD400350C10}.Release|Any CPU.ActiveCfg = Release|Any CPU
		{22CC02E9-9430-4693-BD6E-4BD400350C10}.Release|Any CPU.Build.0 = Release|Any CPU
		{C3F8CD8B-C2B6-4E86-8D2B-0EB90A2372A3}.ComplianceTestBuild|Any CPU.ActiveCfg = Debug|Any CPU
		{C3F8CD8B-C2B6-4E86-8D2B-0EB90A2372A3}.ComplianceTestBuild|Any CPU.Build.0 = Debug|Any CPU
		{C3F8CD8B-C2B6-4E86-8D2B-0EB90A2372A3}.Debug|Any CPU.ActiveCfg = Debug|Any CPU
		{C3F8CD8B-C2B6-4E86-8D2B-0EB90A2372A3}.Debug|Any CPU.Build.0 = Debug|Any CPU
		{C3F8CD8B-C2B6-4E86-8D2B-0EB90A2372A3}.Release|Any CPU.ActiveCfg = Release|Any CPU
		{C3F8CD8B-C2B6-4E86-8D2B-0EB90A2372A3}.Release|Any CPU.Build.0 = Release|Any CPU
	EndGlobalSection
	GlobalSection(SolutionProperties) = preSolution
		HideSolutionNode = FALSE
	EndGlobalSection
	GlobalSection(ExtensibilityGlobals) = postSolution
		SolutionGuid = {84B8577C-0252-45B8-908F-B4CFA4568936}
	EndGlobalSection
EndGlobal
